# @generated by Move, please check-in and do not edit manually.

[move]
version = 0
manifest_digest = "79FC27A66AC15308AB0D6D91028020240E3652D1BDC8EDF96BEBBB7308934D7B"
deps_digest = "F8BBB0CCB2491CA29A3DF03D6F92277A4F3574266507ACD77214D37ECA3F3082"

dependencies = [
  { name = "Sui" },
]

[[move.package]]
name = "MoveStdlib"
source = { local = "../../sui/crates/sui-framework/packages/move-stdlib" }

[[move.package]]
name = "Sui"
source = { local = "../../sui/crates/sui-framework/packages/sui-framework" }

dependencies = [
  { name = "MoveStdlib" },
]
